// !$*UTF8*$!
{
	archiveVersion = 1;
	classes = {
	};
	objectVersion = 56;
	objects = {

/* Begin PBXBuildFile section */
		087870122B8E77AD006FD429 /* NetworkingManager.swift in Sources */ = {isa = PBXBuildFile; fileRef = 087870112B8E77AD006FD429 /* NetworkingManager.swift */; };
		087870152B8E8141006FD429 /* CoinImageView.swift in Sources */ = {isa = PBXBuildFile; fileRef = 087870142B8E8141006FD429 /* CoinImageView.swift */; };
		087870172B8E8351006FD429 /* CoinImageService.swift in Sources */ = {isa = PBXBuildFile; fileRef = 087870162B8E8351006FD429 /* CoinImageService.swift */; };
		087870192B8E8533006FD429 /* CoinImageViewModel.swift in Sources */ = {isa = PBXBuildFile; fileRef = 087870182B8E8533006FD429 /* CoinImageViewModel.swift */; };
		087EF8052B9A54D300BC8913 /* StatisticModel.swift in Sources */ = {isa = PBXBuildFile; fileRef = 087EF8042B9A54D300BC8913 /* StatisticModel.swift */; };
		087EF8072B9A567400BC8913 /* StatisticView.swift in Sources */ = {isa = PBXBuildFile; fileRef = 087EF8062B9A567400BC8913 /* StatisticView.swift */; };
		087EF8092B9A5A4000BC8913 /* HomeStatsView.swift in Sources */ = {isa = PBXBuildFile; fileRef = 087EF8082B9A5A4000BC8913 /* HomeStatsView.swift */; };
		087EF80B2B9A5F5700BC8913 /* MarketDataModel.swift in Sources */ = {isa = PBXBuildFile; fileRef = 087EF80A2B9A5F5700BC8913 /* MarketDataModel.swift */; };
		087EF80D2B9A62A400BC8913 /* MarketDataService.swift in Sources */ = {isa = PBXBuildFile; fileRef = 087EF80C2B9A62A400BC8913 /* MarketDataService.swift */; };
		088186D72B717979001C4B39 /* HomeViewModel.swift in Sources */ = {isa = PBXBuildFile; fileRef = 088186D62B717979001C4B39 /* HomeViewModel.swift */; };
		088186DA2B7181B8001C4B39 /* CoinDataService.swift in Sources */ = {isa = PBXBuildFile; fileRef = 088186D92B7181B8001C4B39 /* CoinDataService.swift */; };
		08837D512B6A5EED00AB8688 /* CryptoExchange.swift in Sources */ = {isa = PBXBuildFile; fileRef = 08837D502B6A5EED00AB8688 /* CryptoExchange.swift */; };
		08837D532B6A5EED00AB8688 /* ContentView.swift in Sources */ = {isa = PBXBuildFile; fileRef = 08837D522B6A5EED00AB8688 /* ContentView.swift */; };
		08837D582B6A5EFE00AB8688 /* Preview Assets.xcassets in Resources */ = {isa = PBXBuildFile; fileRef = 08837D572B6A5EFE00AB8688 /* Preview Assets.xcassets */; };
		08837D5F2B6A608400AB8688 /* Assets.xcassets in Resources */ = {isa = PBXBuildFile; fileRef = 08837D5E2B6A608300AB8688 /* Assets.xcassets */; };
		08837D622B6A60E200AB8688 /* Color.swift in Sources */ = {isa = PBXBuildFile; fileRef = 08837D612B6A60E200AB8688 /* Color.swift */; };
		08837D682B6A626E00AB8688 /* HomeView.swift in Sources */ = {isa = PBXBuildFile; fileRef = 08837D672B6A626E00AB8688 /* HomeView.swift */; };
		08837D6C2B6A648400AB8688 /* CircleButtonView.swift in Sources */ = {isa = PBXBuildFile; fileRef = 08837D6B2B6A648400AB8688 /* CircleButtonView.swift */; };
		08837D6E2B6A695300AB8688 /* CircleButtonAnimationView.swift in Sources */ = {isa = PBXBuildFile; fileRef = 08837D6D2B6A695300AB8688 /* CircleButtonAnimationView.swift */; };
		08837D712B6A6DCC00AB8688 /* CoinModel.swift in Sources */ = {isa = PBXBuildFile; fileRef = 08837D702B6A6DCC00AB8688 /* CoinModel.swift */; };
		08837D732B6C32B000AB8688 /* CoinRowView.swift in Sources */ = {isa = PBXBuildFile; fileRef = 08837D722B6C32B000AB8688 /* CoinRowView.swift */; };
		08837D752B6C331000AB8688 /* PreviewProvider.swift in Sources */ = {isa = PBXBuildFile; fileRef = 08837D742B6C331000AB8688 /* PreviewProvider.swift */; };
		08837D772B6C370200AB8688 /* Double.swift in Sources */ = {isa = PBXBuildFile; fileRef = 08837D762B6C370200AB8688 /* Double.swift */; };
		088B68BA2B8FD0B600B63D37 /* LocalFileManager.swift in Sources */ = {isa = PBXBuildFile; fileRef = 088B68B92B8FD0B600B63D37 /* LocalFileManager.swift */; };
		08903D892B965FFE004ED164 /* SearchBarView.swift in Sources */ = {isa = PBXBuildFile; fileRef = 08903D882B965FFE004ED164 /* SearchBarView.swift */; };
		08E90F0F2B966754009D5075 /* UIApplication.swift in Sources */ = {isa = PBXBuildFile; fileRef = 08E90F0E2B966754009D5075 /* UIApplication.swift */; };
/* End PBXBuildFile section */

/* Begin PBXFileReference section */
		087870112B8E77AD006FD429 /* NetworkingManager.swift */ = {isa = PBXFileReference; lastKnownFileType = sourcecode.swift; path = NetworkingManager.swift; sourceTree = "<group>"; };
		087870142B8E8141006FD429 /* CoinImageView.swift */ = {isa = PBXFileReference; lastKnownFileType = sourcecode.swift; path = CoinImageView.swift; sourceTree = "<group>"; };
		087870162B8E8351006FD429 /* CoinImageService.swift */ = {isa = PBXFileReference; lastKnownFileType = sourcecode.swift; path = CoinImageService.swift; sourceTree = "<group>"; };
		087870182B8E8533006FD429 /* CoinImageViewModel.swift */ = {isa = PBXFileReference; lastKnownFileType = sourcecode.swift; path = CoinImageViewModel.swift; sourceTree = "<group>"; };
		087EF8042B9A54D300BC8913 /* StatisticModel.swift */ = {isa = PBXFileReference; lastKnownFileType = sourcecode.swift; path = StatisticModel.swift; sourceTree = "<group>"; };
		087EF8062B9A567400BC8913 /* StatisticView.swift */ = {isa = PBXFileReference; lastKnownFileType = sourcecode.swift; path = StatisticView.swift; sourceTree = "<group>"; };
		087EF8082B9A5A4000BC8913 /* HomeStatsView.swift */ = {isa = PBXFileReference; lastKnownFileType = sourcecode.swift; path = HomeStatsView.swift; sourceTree = "<group>"; };
		087EF80A2B9A5F5700BC8913 /* MarketDataModel.swift */ = {isa = PBXFileReference; lastKnownFileType = sourcecode.swift; path = MarketDataModel.swift; sourceTree = "<group>"; };
		087EF80C2B9A62A400BC8913 /* MarketDataService.swift */ = {isa = PBXFileReference; lastKnownFileType = sourcecode.swift; path = MarketDataService.swift; sourceTree = "<group>"; };
		088186D62B717979001C4B39 /* HomeViewModel.swift */ = {isa = PBXFileReference; lastKnownFileType = sourcecode.swift; path = HomeViewModel.swift; sourceTree = "<group>"; };
		088186D92B7181B8001C4B39 /* CoinDataService.swift */ = {isa = PBXFileReference; lastKnownFileType = sourcecode.swift; path = CoinDataService.swift; sourceTree = "<group>"; };
		08837D4D2B6A5EED00AB8688 /* CryptoApp.app */ = {isa = PBXFileReference; explicitFileType = wrapper.application; includeInIndex = 0; path = CryptoApp.app; sourceTree = BUILT_PRODUCTS_DIR; };
		08837D502B6A5EED00AB8688 /* CryptoExchange.swift */ = {isa = PBXFileReference; lastKnownFileType = sourcecode.swift; path = CryptoExchange.swift; sourceTree = "<group>"; };
		08837D522B6A5EED00AB8688 /* ContentView.swift */ = {isa = PBXFileReference; lastKnownFileType = sourcecode.swift; path = ContentView.swift; sourceTree = "<group>"; };
		08837D572B6A5EFE00AB8688 /* Preview Assets.xcassets */ = {isa = PBXFileReference; lastKnownFileType = folder.assetcatalog; path = "Preview Assets.xcassets"; sourceTree = "<group>"; };
		08837D5E2B6A608300AB8688 /* Assets.xcassets */ = {isa = PBXFileReference; lastKnownFileType = folder.assetcatalog; name = Assets.xcassets; path = ../../../Downloads/Resources/Assets.xcassets; sourceTree = "<group>"; };
		08837D612B6A60E200AB8688 /* Color.swift */ = {isa = PBXFileReference; lastKnownFileType = sourcecode.swift; path = Color.swift; sourceTree = "<group>"; };
		08837D672B6A626E00AB8688 /* HomeView.swift */ = {isa = PBXFileReference; lastKnownFileType = sourcecode.swift; path = HomeView.swift; sourceTree = "<group>"; };
		08837D6B2B6A648400AB8688 /* CircleButtonView.swift */ = {isa = PBXFileReference; lastKnownFileType = sourcecode.swift; path = CircleButtonView.swift; sourceTree = "<group>"; };
		08837D6D2B6A695300AB8688 /* CircleButtonAnimationView.swift */ = {isa = PBXFileReference; lastKnownFileType = sourcecode.swift; path = CircleButtonAnimationView.swift; sourceTree = "<group>"; };
		08837D702B6A6DCC00AB8688 /* CoinModel.swift */ = {isa = PBXFileReference; lastKnownFileType = sourcecode.swift; path = CoinModel.swift; sourceTree = "<group>"; };
		08837D722B6C32B000AB8688 /* CoinRowView.swift */ = {isa = PBXFileReference; lastKnownFileType = sourcecode.swift; path = CoinRowView.swift; sourceTree = "<group>"; };
		08837D742B6C331000AB8688 /* PreviewProvider.swift */ = {isa = PBXFileReference; lastKnownFileType = sourcecode.swift; path = PreviewProvider.swift; sourceTree = "<group>"; };
		08837D762B6C370200AB8688 /* Double.swift */ = {isa = PBXFileReference; lastKnownFileType = sourcecode.swift; path = Double.swift; sourceTree = "<group>"; };
		088B68B92B8FD0B600B63D37 /* LocalFileManager.swift */ = {isa = PBXFileReference; lastKnownFileType = sourcecode.swift; path = LocalFileManager.swift; sourceTree = "<group>"; };
		08903D882B965FFE004ED164 /* SearchBarView.swift */ = {isa = PBXFileReference; lastKnownFileType = sourcecode.swift; path = SearchBarView.swift; sourceTree = "<group>"; };
		08E90F0E2B966754009D5075 /* UIApplication.swift */ = {isa = PBXFileReference; lastKnownFileType = sourcecode.swift; path = UIApplication.swift; sourceTree = "<group>"; };
/* End PBXFileReference section */

/* Begin PBXFrameworksBuildPhase section */
		08837D4A2B6A5EED00AB8688 /* Frameworks */ = {
			isa = PBXFrameworksBuildPhase;
			buildActionMask = 2147483647;
			files = (
			);
			runOnlyForDeploymentPostprocessing = 0;
		};
/* End PBXFrameworksBuildPhase section */

/* Begin PBXGroup section */
		0878700F2B8A3C8E006FD429 /* Utilities */ = {
			isa = PBXGroup;
			children = (
				087870112B8E77AD006FD429 /* NetworkingManager.swift */,
				088B68B92B8FD0B600B63D37 /* LocalFileManager.swift */,
			);
			path = Utilities;
			sourceTree = "<group>";
		};
		087870102B8A41E3006FD429 /* Services */ = {
			isa = PBXGroup;
			children = (
				088186D92B7181B8001C4B39 /* CoinDataService.swift */,
				087870162B8E8351006FD429 /* CoinImageService.swift */,
				087EF80C2B9A62A400BC8913 /* MarketDataService.swift */,
			);
			path = Services;
			sourceTree = "<group>";
		};
		087870132B8E8132006FD429 /* CoinImage */ = {
			isa = PBXGroup;
			children = (
				087870142B8E8141006FD429 /* CoinImageView.swift */,
				087870182B8E8533006FD429 /* CoinImageViewModel.swift */,
			);
			path = CoinImage;
			sourceTree = "<group>";
		};
		08837D442B6A5EED00AB8688 = {
			isa = PBXGroup;
			children = (
				087870102B8A41E3006FD429 /* Services */,
				0878700F2B8A3C8E006FD429 /* Utilities */,
				08837D6F2B6A6DB700AB8688 /* Models */,
				08837D632B6A623300AB8688 /* Core */,
				08837D602B6A60CD00AB8688 /* Extensions */,
				08837D4F2B6A5EED00AB8688 /* CryptoApp */,
				08837D4E2B6A5EED00AB8688 /* Products */,
			);
			sourceTree = "<group>";
		};
		08837D4E2B6A5EED00AB8688 /* Products */ = {
			isa = PBXGroup;
			children = (
				08837D4D2B6A5EED00AB8688 /* CryptoApp.app */,
			);
			name = Products;
			sourceTree = "<group>";
		};
		08837D4F2B6A5EED00AB8688 /* CryptoApp */ = {
			isa = PBXGroup;
			children = (
				08837D502B6A5EED00AB8688 /* CryptoExchange.swift */,
				08837D522B6A5EED00AB8688 /* ContentView.swift */,
				08837D5E2B6A608300AB8688 /* Assets.xcassets */,
				08837D562B6A5EFE00AB8688 /* Preview Content */,
			);
			path = CryptoApp;
			sourceTree = "<group>";
		};
		08837D562B6A5EFE00AB8688 /* Preview Content */ = {
			isa = PBXGroup;
			children = (
				08837D572B6A5EFE00AB8688 /* Preview Assets.xcassets */,
			);
			path = "Preview Content";
			sourceTree = "<group>";
		};
		08837D602B6A60CD00AB8688 /* Extensions */ = {
			isa = PBXGroup;
			children = (
				08837D612B6A60E200AB8688 /* Color.swift */,
				08837D742B6C331000AB8688 /* PreviewProvider.swift */,
				08837D762B6C370200AB8688 /* Double.swift */,
				08E90F0E2B966754009D5075 /* UIApplication.swift */,
			);
			path = Extensions;
			sourceTree = "<group>";
		};
		08837D632B6A623300AB8688 /* Core */ = {
			isa = PBXGroup;
			children = (
				08837D692B6A644E00AB8688 /* Components */,
				08837D642B6A623E00AB8688 /* Home */,
			);
			path = Core;
			sourceTree = "<group>";
		};
		08837D642B6A623E00AB8688 /* Home */ = {
			isa = PBXGroup;
			children = (
				08837D662B6A625900AB8688 /* ViewModel */,
				08837D652B6A624900AB8688 /* Views */,
			);
			path = Home;
			sourceTree = "<group>";
		};
		08837D652B6A624900AB8688 /* Views */ = {
			isa = PBXGroup;
			children = (
				08837D672B6A626E00AB8688 /* HomeView.swift */,
				087EF8082B9A5A4000BC8913 /* HomeStatsView.swift */,
				08837D722B6C32B000AB8688 /* CoinRowView.swift */,
			);
			path = Views;
			sourceTree = "<group>";
		};
		08837D662B6A625900AB8688 /* ViewModel */ = {
			isa = PBXGroup;
			children = (
				088186D62B717979001C4B39 /* HomeViewModel.swift */,
			);
			path = ViewModel;
			sourceTree = "<group>";
		};
		08837D692B6A644E00AB8688 /* Components */ = {
			isa = PBXGroup;
			children = (
				08903D882B965FFE004ED164 /* SearchBarView.swift */,
				087870132B8E8132006FD429 /* CoinImage */,
				08837D6A2B6A646D00AB8688 /* CircleButton */,
				087EF8062B9A567400BC8913 /* StatisticView.swift */,
			);
			path = Components;
			sourceTree = "<group>";
		};
		08837D6A2B6A646D00AB8688 /* CircleButton */ = {
			isa = PBXGroup;
			children = (
				08837D6B2B6A648400AB8688 /* CircleButtonView.swift */,
				08837D6D2B6A695300AB8688 /* CircleButtonAnimationView.swift */,
			);
			path = CircleButton;
			sourceTree = "<group>";
		};
		08837D6F2B6A6DB700AB8688 /* Models */ = {
			isa = PBXGroup;
			children = (
				08837D702B6A6DCC00AB8688 /* CoinModel.swift */,
				087EF80A2B9A5F5700BC8913 /* MarketDataModel.swift */,
				087EF8042B9A54D300BC8913 /* StatisticModel.swift */,
			);
			path = Models;
			sourceTree = "<group>";
		};
/* End PBXGroup section */

/* Begin PBXNativeTarget section */
		08837D4C2B6A5EED00AB8688 /* CryptoApp */ = {
			isa = PBXNativeTarget;
			buildConfigurationList = 08837D5B2B6A5EFE00AB8688 /* Build configuration list for PBXNativeTarget "CryptoApp" */;
			buildPhases = (
				08837D492B6A5EED00AB8688 /* Sources */,
				08837D4A2B6A5EED00AB8688 /* Frameworks */,
				08837D4B2B6A5EED00AB8688 /* Resources */,
			);
			buildRules = (
			);
			dependencies = (
			);
			name = CryptoApp;
			productName = CryptoApp;
			productReference = 08837D4D2B6A5EED00AB8688 /* CryptoApp.app */;
			productType = "com.apple.product-type.application";
		};
/* End PBXNativeTarget section */

/* Begin PBXProject section */
		08837D452B6A5EED00AB8688 /* Project object */ = {
			isa = PBXProject;
			attributes = {
				BuildIndependentTargetsInParallel = 1;
				LastSwiftUpdateCheck = 1430;
				LastUpgradeCheck = 1430;
				TargetAttributes = {
					08837D4C2B6A5EED00AB8688 = {
						CreatedOnToolsVersion = 14.3.1;
					};
				};
			};
			buildConfigurationList = 08837D482B6A5EED00AB8688 /* Build configuration list for PBXProject "CryptoApp" */;
			compatibilityVersion = "Xcode 14.0";
			developmentRegion = en;
			hasScannedForEncodings = 0;
			knownRegions = (
				en,
				Base,
			);
			mainGroup = 08837D442B6A5EED00AB8688;
			productRefGroup = 08837D4E2B6A5EED00AB8688 /* Products */;
			projectDirPath = "";
			projectRoot = "";
			targets = (
				08837D4C2B6A5EED00AB8688 /* CryptoApp */,
			);
		};
/* End PBXProject section */

/* Begin PBXResourcesBuildPhase section */
		08837D4B2B6A5EED00AB8688 /* Resources */ = {
			isa = PBXResourcesBuildPhase;
			buildActionMask = 2147483647;
			files = (
				08837D582B6A5EFE00AB8688 /* Preview Assets.xcassets in Resources */,
				08837D5F2B6A608400AB8688 /* Assets.xcassets in Resources */,
			);
			runOnlyForDeploymentPostprocessing = 0;
		};
/* End PBXResourcesBuildPhase section */

/* Begin PBXSourcesBuildPhase section */
		08837D492B6A5EED00AB8688 /* Sources */ = {
			isa = PBXSourcesBuildPhase;
			buildActionMask = 2147483647;
			files = (
				087EF8052B9A54D300BC8913 /* StatisticModel.swift in Sources */,
				088186DA2B7181B8001C4B39 /* CoinDataService.swift in Sources */,
				08837D732B6C32B000AB8688 /* CoinRowView.swift in Sources */,
				088186D72B717979001C4B39 /* HomeViewModel.swift in Sources */,
				08837D532B6A5EED00AB8688 /* ContentView.swift in Sources */,
				088B68BA2B8FD0B600B63D37 /* LocalFileManager.swift in Sources */,
				087EF80B2B9A5F5700BC8913 /* MarketDataModel.swift in Sources */,
				08837D682B6A626E00AB8688 /* HomeView.swift in Sources */,
				087EF8072B9A567400BC8913 /* StatisticView.swift in Sources */,
				087870152B8E8141006FD429 /* CoinImageView.swift in Sources */,
				08837D512B6A5EED00AB8688 /* CryptoExchange.swift in Sources */,
				08E90F0F2B966754009D5075 /* UIApplication.swift in Sources */,
				08837D6C2B6A648400AB8688 /* CircleButtonView.swift in Sources */,
				08837D622B6A60E200AB8688 /* Color.swift in Sources */,
				08903D892B965FFE004ED164 /* SearchBarView.swift in Sources */,
				087870122B8E77AD006FD429 /* NetworkingManager.swift in Sources */,
				087EF8092B9A5A4000BC8913 /* HomeStatsView.swift in Sources */,
				087EF80D2B9A62A400BC8913 /* MarketDataService.swift in Sources */,
				08837D6E2B6A695300AB8688 /* CircleButtonAnimationView.swift in Sources */,
				087870192B8E8533006FD429 /* CoinImageViewModel.swift in Sources */,
				08837D752B6C331000AB8688 /* PreviewProvider.swift in Sources */,
				08837D772B6C370200AB8688 /* Double.swift in Sources */,
				087870172B8E8351006FD429 /* CoinImageService.swift in Sources */,
				08837D712B6A6DCC00AB8688 /* CoinModel.swift in Sources */,
			);
			runOnlyForDeploymentPostprocessing = 0;
		};
/* End PBXSourcesBuildPhase section */

/* Begin XCBuildConfiguration section */
		08837D592B6A5EFE00AB8688 /* Debug */ = {
			isa = XCBuildConfiguration;
			buildSettings = {
				ALWAYS_SEARCH_USER_PATHS = NO;
				CLANG_ANALYZER_NONNULL = YES;
				CLANG_ANALYZER_NUMBER_OBJECT_CONVERSION = YES_AGGRESSIVE;
				CLANG_CXX_LANGUAGE_STANDARD = "gnu++20";
				CLANG_ENABLE_MODULES = YES;
				CLANG_ENABLE_OBJC_ARC = YES;
				CLANG_ENABLE_OBJC_WEAK = YES;
				CLANG_WARN_BLOCK_CAPTURE_AUTORELEASING = YES;
				CLANG_WARN_BOOL_CONVERSION = YES;
				CLANG_WARN_COMMA = YES;
				CLANG_WARN_CONSTANT_CONVERSION = YES;
				CLANG_WARN_DEPRECATED_OBJC_IMPLEMENTATIONS = YES;
				CLANG_WARN_DIRECT_OBJC_ISA_USAGE = YES_ERROR;
				CLANG_WARN_DOCUMENTATION_COMMENTS = YES;
				CLANG_WARN_EMPTY_BODY = YES;
				CLANG_WARN_ENUM_CONVERSION = YES;
				CLANG_WARN_INFINITE_RECURSION = YES;
				CLANG_WARN_INT_CONVERSION = YES;
				CLANG_WARN_NON_LITERAL_NULL_CONVERSION = YES;
				CLANG_WARN_OBJC_IMPLICIT_RETAIN_SELF = YES;
				CLANG_WARN_OBJC_LITERAL_CONVERSION = YES;
				CLANG_WARN_OBJC_ROOT_CLASS = YES_ERROR;
				CLANG_WARN_QUOTED_INCLUDE_IN_FRAMEWORK_HEADER = YES;
				CLANG_WARN_RANGE_LOOP_ANALYSIS = YES;
				CLANG_WARN_STRICT_PROTOTYPES = YES;
				CLANG_WARN_SUSPICIOUS_MOVE = YES;
				CLANG_WARN_UNGUARDED_AVAILABILITY = YES_AGGRESSIVE;
				CLANG_WARN_UNREACHABLE_CODE = YES;
				CLANG_WARN__DUPLICATE_METHOD_MATCH = YES;
				COPY_PHASE_STRIP = NO;
				DEBUG_INFORMATION_FORMAT = dwarf;
				ENABLE_STRICT_OBJC_MSGSEND = YES;
				ENABLE_TESTABILITY = YES;
				GCC_C_LANGUAGE_STANDARD = gnu11;
				GCC_DYNAMIC_NO_PIC = NO;
				GCC_NO_COMMON_BLOCKS = YES;
				GCC_OPTIMIZATION_LEVEL = 0;
				GCC_PREPROCESSOR_DEFINITIONS = (
					"DEBUG=1",
					"$(inherited)",
				);
				GCC_WARN_64_TO_32_BIT_CONVERSION = YES;
				GCC_WARN_ABOUT_RETURN_TYPE = YES_ERROR;
				GCC_WARN_UNDECLARED_SELECTOR = YES;
				GCC_WARN_UNINITIALIZED_AUTOS = YES_AGGRESSIVE;
				GCC_WARN_UNUSED_FUNCTION = YES;
				GCC_WARN_UNUSED_VARIABLE = YES;
				IPHONEOS_DEPLOYMENT_TARGET = 16.4;
				MTL_ENABLE_DEBUG_INFO = INCLUDE_SOURCE;
				MTL_FAST_MATH = YES;
				ONLY_ACTIVE_ARCH = YES;
				SDKROOT = iphoneos;
				SWIFT_ACTIVE_COMPILATION_CONDITIONS = DEBUG;
				SWIFT_OPTIMIZATION_LEVEL = "-Onone";
			};
			name = Debug;
		};
		08837D5A2B6A5EFE00AB8688 /* Release */ = {
			isa = XCBuildConfiguration;
			buildSettings = {
				ALWAYS_SEARCH_USER_PATHS = NO;
				CLANG_ANALYZER_NONNULL = YES;
				CLANG_ANALYZER_NUMBER_OBJECT_CONVERSION = YES_AGGRESSIVE;
				CLANG_CXX_LANGUAGE_STANDARD = "gnu++20";
				CLANG_ENABLE_MODULES = YES;
				CLANG_ENABLE_OBJC_ARC = YES;
				CLANG_ENABLE_OBJC_WEAK = YES;
				CLANG_WARN_BLOCK_CAPTURE_AUTORELEASING = YES;
				CLANG_WARN_BOOL_CONVERSION = YES;
				CLANG_WARN_COMMA = YES;
				CLANG_WARN_CONSTANT_CONVERSION = YES;
				CLANG_WARN_DEPRECATED_OBJC_IMPLEMENTATIONS = YES;
				CLANG_WARN_DIRECT_OBJC_ISA_USAGE = YES_ERROR;
				CLANG_WARN_DOCUMENTATION_COMMENTS = YES;
				CLANG_WARN_EMPTY_BODY = YES;
				CLANG_WARN_ENUM_CONVERSION = YES;
				CLANG_WARN_INFINITE_RECURSION = YES;
				CLANG_WARN_INT_CONVERSION = YES;
				CLANG_WARN_NON_LITERAL_NULL_CONVERSION = YES;
				CLANG_WARN_OBJC_IMPLICIT_RETAIN_SELF = YES;
				CLANG_WARN_OBJC_LITERAL_CONVERSION = YES;
				CLANG_WARN_OBJC_ROOT_CLASS = YES_ERROR;
				CLANG_WARN_QUOTED_INCLUDE_IN_FRAMEWORK_HEADER = YES;
				CLANG_WARN_RANGE_LOOP_ANALYSIS = YES;
				CLANG_WARN_STRICT_PROTOTYPES = YES;
				CLANG_WARN_SUSPICIOUS_MOVE = YES;
				CLANG_WARN_UNGUARDED_AVAILABILITY = YES_AGGRESSIVE;
				CLANG_WARN_UNREACHABLE_CODE = YES;
				CLANG_WARN__DUPLICATE_METHOD_MATCH = YES;
				COPY_PHASE_STRIP = NO;
				DEBUG_INFORMATION_FORMAT = "dwarf-with-dsym";
				ENABLE_NS_ASSERTIONS = NO;
				ENABLE_STRICT_OBJC_MSGSEND = YES;
				GCC_C_LANGUAGE_STANDARD = gnu11;
				GCC_NO_COMMON_BLOCKS = YES;
				GCC_WARN_64_TO_32_BIT_CONVERSION = YES;
				GCC_WARN_ABOUT_RETURN_TYPE = YES_ERROR;
				GCC_WARN_UNDECLARED_SELECTOR = YES;
				GCC_WARN_UNINITIALIZED_AUTOS = YES_AGGRESSIVE;
				GCC_WARN_UNUSED_FUNCTION = YES;
				GCC_WARN_UNUSED_VARIABLE = YES;
				IPHONEOS_DEPLOYMENT_TARGET = 16.4;
				MTL_ENABLE_DEBUG_INFO = NO;
				MTL_FAST_MATH = YES;
				SDKROOT = iphoneos;
				SWIFT_COMPILATION_MODE = wholemodule;
				SWIFT_OPTIMIZATION_LEVEL = "-O";
				VALIDATE_PRODUCT = YES;
			};
			name = Release;
		};
		08837D5C2B6A5EFE00AB8688 /* Debug */ = {
			isa = XCBuildConfiguration;
			buildSettings = {
				ASSETCATALOG_COMPILER_APPICON_NAME = AppIcon;
				ASSETCATALOG_COMPILER_GLOBAL_ACCENT_COLOR_NAME = AccentColor;
				CODE_SIGN_STYLE = Automatic;
				CURRENT_PROJECT_VERSION = 1;
				DEVELOPMENT_ASSET_PATHS = "\"CryptoApp/Preview Content\"";
				DEVELOPMENT_TEAM = S98769RWBA;
				ENABLE_PREVIEWS = YES;
				GENERATE_INFOPLIST_FILE = YES;
				INFOPLIST_KEY_UIApplicationSceneManifest_Generation = YES;
				INFOPLIST_KEY_UIApplicationSupportsIndirectInputEvents = YES;
				INFOPLIST_KEY_UILaunchScreen_Generation = YES;
				INFOPLIST_KEY_UISupportedInterfaceOrientations = UIInterfaceOrientationPortrait;
				IPHONEOS_DEPLOYMENT_TARGET = 15.0;
				LD_RUNPATH_SEARCH_PATHS = (
					"$(inherited)",
					"@executable_path/Frameworks",
				);
				MARKETING_VERSION = 1.0;
				PRODUCT_BUNDLE_IDENTIFIER = ivanjko.CryptoApp;
				PRODUCT_NAME = "$(TARGET_NAME)";
				SWIFT_EMIT_LOC_STRINGS = YES;
				SWIFT_VERSION = 5.0;
				TARGETED_DEVICE_FAMILY = "1,2";
			};
			name = Debug;
		};
		08837D5D2B6A5EFE00AB8688 /* Release */ = {
			isa = XCBuildConfiguration;
			buildSettings = {
				ASSETCATALOG_COMPILER_APPICON_NAME = AppIcon;
				ASSETCATALOG_COMPILER_GLOBAL_ACCENT_COLOR_NAME = AccentColor;
				CODE_SIGN_STYLE = Automatic;
				CURRENT_PROJECT_VERSION = 1;
				DEVELOPMENT_ASSET_PATHS = "\"CryptoApp/Preview Content\"";
				DEVELOPMENT_TEAM = S98769RWBA;
				ENABLE_PREVIEWS = YES;
				GENERATE_INFOPLIST_FILE = YES;
				INFOPLIST_KEY_UIApplicationSceneManifest_Generation = YES;
				INFOPLIST_KEY_UIApplicationSupportsIndirectInputEvents = YES;
				INFOPLIST_KEY_UILaunchScreen_Generation = YES;
				INFOPLIST_KEY_UISupportedInterfaceOrientations = UIInterfaceOrientationPortrait;
				IPHONEOS_DEPLOYMENT_TARGET = 15.0;
				LD_RUNPATH_SEARCH_PATHS = (
					"$(inherited)",
					"@executable_path/Frameworks",
				);
				MARKETING_VERSION = 1.0;
				PRODUCT_BUNDLE_IDENTIFIER = ivanjko.CryptoApp;
				PRODUCT_NAME = "$(TARGET_NAME)";
				SWIFT_EMIT_LOC_STRINGS = YES;
				SWIFT_VERSION = 5.0;
				TARGETED_DEVICE_FAMILY = "1,2";
			};
			name = Release;
		};
/* End XCBuildConfiguration section */

/* Begin XCConfigurationList section */
		08837D482B6A5EED00AB8688 /* Build configuration list for PBXProject "CryptoApp" */ = {
			isa = XCConfigurationList;
			buildConfigurations = (
				08837D592B6A5EFE00AB8688 /* Debug */,
				08837D5A2B6A5EFE00AB8688 /* Release */,
			);
			defaultConfigurationIsVisible = 0;
			defaultConfigurationName = Release;
		};
		08837D5B2B6A5EFE00AB8688 /* Build configuration list for PBXNativeTarget "CryptoApp" */ = {
			isa = XCConfigurationList;
			buildConfigurations = (
				08837D5C2B6A5EFE00AB8688 /* Debug */,
				08837D5D2B6A5EFE00AB8688 /* Release */,
			);
			defaultConfigurationIsVisible = 0;
			defaultConfigurationName = Release;
		};
/* End XCConfigurationList section */
	};
	rootObject = 08837D452B6A5EED00AB8688 /* Project object */;
}
